// !$*UTF8*$!
{
	archiveVersion = 1;
	classes = {
	};
	objectVersion = 51;
	objects = {

/* Begin PBXBuildFile section */
		69093AC12492D16B00EBB0B7 /* GraphsViewController.swift in Sources */ = {isa = PBXBuildFile; fileRef = 69093AC02492D16B00EBB0B7 /* GraphsViewController.swift */; };
		69699EA52483490800673156 /* AppDelegate.swift in Sources */ = {isa = PBXBuildFile; fileRef = 69699EA42483490800673156 /* AppDelegate.swift */; };
		69699EA72483490800673156 /* SceneDelegate.swift in Sources */ = {isa = PBXBuildFile; fileRef = 69699EA62483490800673156 /* SceneDelegate.swift */; };
		69699EA92483490800673156 /* ViewController.swift in Sources */ = {isa = PBXBuildFile; fileRef = 69699EA82483490800673156 /* ViewController.swift */; };
		69699EAC2483490800673156 /* Main.storyboard in Resources */ = {isa = PBXBuildFile; fileRef = 69699EAA2483490800673156 /* Main.storyboard */; };
		69699EAE2483490D00673156 /* Assets.xcassets in Resources */ = {isa = PBXBuildFile; fileRef = 69699EAD2483490D00673156 /* Assets.xcassets */; };
		69699EB12483490D00673156 /* LaunchScreen.storyboard in Resources */ = {isa = PBXBuildFile; fileRef = 69699EAF2483490D00673156 /* LaunchScreen.storyboard */; };
		69699EBC2483490D00673156 /* webscrapingTests.swift in Sources */ = {isa = PBXBuildFile; fileRef = 69699EBB2483490D00673156 /* webscrapingTests.swift */; };
		69699EC72483490D00673156 /* webscrapingUITests.swift in Sources */ = {isa = PBXBuildFile; fileRef = 69699EC62483490D00673156 /* webscrapingUITests.swift */; };
		69BBAF7A2491D64200A4215E /* DataNumbers.swift in Sources */ = {isa = PBXBuildFile; fileRef = 69BBAF792491D64200A4215E /* DataNumbers.swift */; };
		69BBAF7C249201E400A4215E /* CustomTableViewCell.swift in Sources */ = {isa = PBXBuildFile; fileRef = 69BBAF7B249201E400A4215E /* CustomTableViewCell.swift */; };
		80BC3DA0073386DE2A127627 /* Pods_webscraping.framework in Frameworks */ = {isa = PBXBuildFile; fileRef = F19A85CCA04CF303E22C03CB /* Pods_webscraping.framework */; };
		90AA5292C4944EFBACEEC2D3 /* Pods_webscrapingTests.framework in Frameworks */ = {isa = PBXBuildFile; fileRef = DBBE6A887D1CA9CFCB031A55 /* Pods_webscrapingTests.framework */; };
		CA76548F6D037BA348E0B6C8 /* Pods_webscraping_webscrapingUITests.framework in Frameworks */ = {isa = PBXBuildFile; fileRef = 2347C27E84D9E9524F36FCC7 /* Pods_webscraping_webscrapingUITests.framework */; };
/* End PBXBuildFile section */

/* Begin PBXContainerItemProxy section */
		69699EB82483490D00673156 /* PBXContainerItemProxy */ = {
			isa = PBXContainerItemProxy;
			containerPortal = 69699E992483490800673156 /* Project object */;
			proxyType = 1;
			remoteGlobalIDString = 69699EA02483490800673156;
			remoteInfo = webscraping;
		};
		69699EC32483490D00673156 /* PBXContainerItemProxy */ = {
			isa = PBXContainerItemProxy;
			containerPortal = 69699E992483490800673156 /* Project object */;
			proxyType = 1;
			remoteGlobalIDString = 69699EA02483490800673156;
			remoteInfo = webscraping;
		};
/* End PBXContainerItemProxy section */

/* Begin PBXFileReference section */
		2347C27E84D9E9524F36FCC7 /* Pods_webscraping_webscrapingUITests.framework */ = {isa = PBXFileReference; explicitFileType = wrapper.framework; includeInIndex = 0; path = Pods_webscraping_webscrapingUITests.framework; sourceTree = BUILT_PRODUCTS_DIR; };
		3513ADB1F50A7B0572BBDADE /* Pods-webscraping-webscrapingUITests.release.xcconfig */ = {isa = PBXFileReference; includeInIndex = 1; lastKnownFileType = text.xcconfig; name = "Pods-webscraping-webscrapingUITests.release.xcconfig"; path = "Target Support Files/Pods-webscraping-webscrapingUITests/Pods-webscraping-webscrapingUITests.release.xcconfig"; sourceTree = "<group>"; };
		63CAA969EE76F2AEC66692E1 /* Pods-webscraping.release.xcconfig */ = {isa = PBXFileReference; includeInIndex = 1; lastKnownFileType = text.xcconfig; name = "Pods-webscraping.release.xcconfig"; path = "Target Support Files/Pods-webscraping/Pods-webscraping.release.xcconfig"; sourceTree = "<group>"; };
		69093AC02492D16B00EBB0B7 /* GraphsViewController.swift */ = {isa = PBXFileReference; lastKnownFileType = sourcecode.swift; path = GraphsViewController.swift; sourceTree = "<group>"; };
		69699EA12483490800673156 /* webscraping.app */ = {isa = PBXFileReference; explicitFileType = wrapper.application; includeInIndex = 0; path = webscraping.app; sourceTree = BUILT_PRODUCTS_DIR; };
		69699EA42483490800673156 /* AppDelegate.swift */ = {isa = PBXFileReference; lastKnownFileType = sourcecode.swift; path = AppDelegate.swift; sourceTree = "<group>"; };
		69699EA62483490800673156 /* SceneDelegate.swift */ = {isa = PBXFileReference; lastKnownFileType = sourcecode.swift; path = SceneDelegate.swift; sourceTree = "<group>"; };
		69699EA82483490800673156 /* ViewController.swift */ = {isa = PBXFileReference; lastKnownFileType = sourcecode.swift; path = ViewController.swift; sourceTree = "<group>"; };
		69699EAB2483490800673156 /* Base */ = {isa = PBXFileReference; lastKnownFileType = file.storyboard; name = Base; path = Base.lproj/Main.storyboard; sourceTree = "<group>"; };
		69699EAD2483490D00673156 /* Assets.xcassets */ = {isa = PBXFileReference; lastKnownFileType = folder.assetcatalog; path = Assets.xcassets; sourceTree = "<group>"; };
		69699EB02483490D00673156 /* Base */ = {isa = PBXFileReference; lastKnownFileType = file.storyboard; name = Base; path = Base.lproj/LaunchScreen.storyboard; sourceTree = "<group>"; };
		69699EB22483490D00673156 /* Info.plist */ = {isa = PBXFileReference; lastKnownFileType = text.plist.xml; path = Info.plist; sourceTree = "<group>"; };
		69699EB72483490D00673156 /* webscrapingTests.xctest */ = {isa = PBXFileReference; explicitFileType = wrapper.cfbundle; includeInIndex = 0; path = webscrapingTests.xctest; sourceTree = BUILT_PRODUCTS_DIR; };
		69699EBB2483490D00673156 /* webscrapingTests.swift */ = {isa = PBXFileReference; lastKnownFileType = sourcecode.swift; path = webscrapingTests.swift; sourceTree = "<group>"; };
		69699EBD2483490D00673156 /* Info.plist */ = {isa = PBXFileReference; lastKnownFileType = text.plist.xml; path = Info.plist; sourceTree = "<group>"; };
		69699EC22483490D00673156 /* webscrapingUITests.xctest */ = {isa = PBXFileReference; explicitFileType = wrapper.cfbundle; includeInIndex = 0; path = webscrapingUITests.xctest; sourceTree = BUILT_PRODUCTS_DIR; };
		69699EC62483490D00673156 /* webscrapingUITests.swift */ = {isa = PBXFileReference; lastKnownFileType = sourcecode.swift; path = webscrapingUITests.swift; sourceTree = "<group>"; };
		69699EC82483490D00673156 /* Info.plist */ = {isa = PBXFileReference; lastKnownFileType = text.plist.xml; path = Info.plist; sourceTree = "<group>"; };
		69BBAF792491D64200A4215E /* DataNumbers.swift */ = {isa = PBXFileReference; lastKnownFileType = sourcecode.swift; path = DataNumbers.swift; sourceTree = "<group>"; };
		69BBAF7B249201E400A4215E /* CustomTableViewCell.swift */ = {isa = PBXFileReference; lastKnownFileType = sourcecode.swift; path = CustomTableViewCell.swift; sourceTree = "<group>"; };
		7EF321AD77663D1981CC3303 /* Pods-webscraping.debug.xcconfig */ = {isa = PBXFileReference; includeInIndex = 1; lastKnownFileType = text.xcconfig; name = "Pods-webscraping.debug.xcconfig"; path = "Target Support Files/Pods-webscraping/Pods-webscraping.debug.xcconfig"; sourceTree = "<group>"; };
		96AAA5FF313A26F3EEBF94FF /* Pods-webscrapingTests.debug.xcconfig */ = {isa = PBXFileReference; includeInIndex = 1; lastKnownFileType = text.xcconfig; name = "Pods-webscrapingTests.debug.xcconfig"; path = "Target Support Files/Pods-webscrapingTests/Pods-webscrapingTests.debug.xcconfig"; sourceTree = "<group>"; };
		CB2BB4425EFC421E7121287F /* Pods-webscraping-webscrapingUITests.debug.xcconfig */ = {isa = PBXFileReference; includeInIndex = 1; lastKnownFileType = text.xcconfig; name = "Pods-webscraping-webscrapingUITests.debug.xcconfig"; path = "Target Support Files/Pods-webscraping-webscrapingUITests/Pods-webscraping-webscrapingUITests.debug.xcconfig"; sourceTree = "<group>"; };
		DBBE6A887D1CA9CFCB031A55 /* Pods_webscrapingTests.framework */ = {isa = PBXFileReference; explicitFileType = wrapper.framework; includeInIndex = 0; path = Pods_webscrapingTests.framework; sourceTree = BUILT_PRODUCTS_DIR; };
		DFC0784CF4E45B8E829745B4 /* Pods-webscrapingTests.release.xcconfig */ = {isa = PBXFileReference; includeInIndex = 1; lastKnownFileType = text.xcconfig; name = "Pods-webscrapingTests.release.xcconfig"; path = "Target Support Files/Pods-webscrapingTests/Pods-webscrapingTests.release.xcconfig"; sourceTree = "<group>"; };
		F19A85CCA04CF303E22C03CB /* Pods_webscraping.framework */ = {isa = PBXFileReference; explicitFileType = wrapper.framework; includeInIndex = 0; path = Pods_webscraping.framework; sourceTree = BUILT_PRODUCTS_DIR; };
/* End PBXFileReference section */

/* Begin PBXFrameworksBuildPhase section */
		69699E9E2483490800673156 /* Frameworks */ = {
			isa = PBXFrameworksBuildPhase;
			buildActionMask = 2147483647;
			files = (
				80BC3DA0073386DE2A127627 /* Pods_webscraping.framework in Frameworks */,
			);
			runOnlyForDeploymentPostprocessing = 0;
		};
		69699EB42483490D00673156 /* Frameworks */ = {
			isa = PBXFrameworksBuildPhase;
			buildActionMask = 2147483647;
			files = (
				90AA5292C4944EFBACEEC2D3 /* Pods_webscrapingTests.framework in Frameworks */,
			);
			runOnlyForDeploymentPostprocessing = 0;
		};
		69699EBF2483490D00673156 /* Frameworks */ = {
			isa = PBXFrameworksBuildPhase;
			buildActionMask = 2147483647;
			files = (
				CA76548F6D037BA348E0B6C8 /* Pods_webscraping_webscrapingUITests.framework in Frameworks */,
			);
			runOnlyForDeploymentPostprocessing = 0;
		};
/* End PBXFrameworksBuildPhase section */

/* Begin PBXGroup section */
		4BED4590FBE319CCD44ACA6C /* Frameworks */ = {
			isa = PBXGroup;
			children = (
				F19A85CCA04CF303E22C03CB /* Pods_webscraping.framework */,
				2347C27E84D9E9524F36FCC7 /* Pods_webscraping_webscrapingUITests.framework */,
				DBBE6A887D1CA9CFCB031A55 /* Pods_webscrapingTests.framework */,
			);
			name = Frameworks;
			sourceTree = "<group>";
		};
		69699E982483490800673156 = {
			isa = PBXGroup;
			children = (
				69699EA32483490800673156 /* webscraping */,
				69699EBA2483490D00673156 /* webscrapingTests */,
				69699EC52483490D00673156 /* webscrapingUITests */,
				69699EA22483490800673156 /* Products */,
				D87ACEC045E3D3549C98B3D3 /* Pods */,
				4BED4590FBE319CCD44ACA6C /* Frameworks */,
			);
			sourceTree = "<group>";
		};
		69699EA22483490800673156 /* Products */ = {
			isa = PBXGroup;
			children = (
				69699EA12483490800673156 /* webscraping.app */,
				69699EB72483490D00673156 /* webscrapingTests.xctest */,
				69699EC22483490D00673156 /* webscrapingUITests.xctest */,
			);
			name = Products;
			sourceTree = "<group>";
		};
		69699EA32483490800673156 /* webscraping */ = {
			isa = PBXGroup;
			children = (
				69699EA42483490800673156 /* AppDelegate.swift */,
				69699EA62483490800673156 /* SceneDelegate.swift */,
				69699EA82483490800673156 /* ViewController.swift */,
				69699EAA2483490800673156 /* Main.storyboard */,
				69699EAD2483490D00673156 /* Assets.xcassets */,
				69699EAF2483490D00673156 /* LaunchScreen.storyboard */,
				69699EB22483490D00673156 /* Info.plist */,
				69BBAF792491D64200A4215E /* DataNumbers.swift */,
				69BBAF7B249201E400A4215E /* CustomTableViewCell.swift */,
				69093AC02492D16B00EBB0B7 /* GraphsViewController.swift */,
			);
			path = webscraping;
			sourceTree = "<group>";
		};
		69699EBA2483490D00673156 /* webscrapingTests */ = {
			isa = PBXGroup;
			children = (
				69699EBB2483490D00673156 /* webscrapingTests.swift */,
				69699EBD2483490D00673156 /* Info.plist */,
			);
			path = webscrapingTests;
			sourceTree = "<group>";
		};
		69699EC52483490D00673156 /* webscrapingUITests */ = {
			isa = PBXGroup;
			children = (
				69699EC62483490D00673156 /* webscrapingUITests.swift */,
				69699EC82483490D00673156 /* Info.plist */,
			);
			path = webscrapingUITests;
			sourceTree = "<group>";
		};
		D87ACEC045E3D3549C98B3D3 /* Pods */ = {
			isa = PBXGroup;
			children = (
				7EF321AD77663D1981CC3303 /* Pods-webscraping.debug.xcconfig */,
				63CAA969EE76F2AEC66692E1 /* Pods-webscraping.release.xcconfig */,
				CB2BB4425EFC421E7121287F /* Pods-webscraping-webscrapingUITests.debug.xcconfig */,
				3513ADB1F50A7B0572BBDADE /* Pods-webscraping-webscrapingUITests.release.xcconfig */,
				96AAA5FF313A26F3EEBF94FF /* Pods-webscrapingTests.debug.xcconfig */,
				DFC0784CF4E45B8E829745B4 /* Pods-webscrapingTests.release.xcconfig */,
			);
			path = Pods;
			sourceTree = "<group>";
		};
/* End PBXGroup section */

/* Begin PBXNativeTarget section */
		69699EA02483490800673156 /* webscraping */ = {
			isa = PBXNativeTarget;
			buildConfigurationList = 69699ECB2483490D00673156 /* Build configuration list for PBXNativeTarget "webscraping" */;
			buildPhases = (
				1A7BED4FB477978DCDD726BE /* [CP] Check Pods Manifest.lock */,
				69699E9D2483490800673156 /* Sources */,
				69699E9E2483490800673156 /* Frameworks */,
				69699E9F2483490800673156 /* Resources */,
				A60753A2FB5EE0356B98F18C /* [CP] Embed Pods Frameworks */,
			);
			buildRules = (
			);
			dependencies = (
			);
			name = webscraping;
			productName = webscraping;
			productReference = 69699EA12483490800673156 /* webscraping.app */;
			productType = "com.apple.product-type.application";
		};
		69699EB62483490D00673156 /* webscrapingTests */ = {
			isa = PBXNativeTarget;
			buildConfigurationList = 69699ECE2483490D00673156 /* Build configuration list for PBXNativeTarget "webscrapingTests" */;
			buildPhases = (
				F96012C314D15089DD8D77E2 /* [CP] Check Pods Manifest.lock */,
				69699EB32483490D00673156 /* Sources */,
				69699EB42483490D00673156 /* Frameworks */,
				69699EB52483490D00673156 /* Resources */,
			);
			buildRules = (
			);
			dependencies = (
				69699EB92483490D00673156 /* PBXTargetDependency */,
			);
			name = webscrapingTests;
			productName = webscrapingTests;
			productReference = 69699EB72483490D00673156 /* webscrapingTests.xctest */;
			productType = "com.apple.product-type.bundle.unit-test";
		};
		69699EC12483490D00673156 /* webscrapingUITests */ = {
			isa = PBXNativeTarget;
			buildConfigurationList = 69699ED12483490D00673156 /* Build configuration list for PBXNativeTarget "webscrapingUITests" */;
			buildPhases = (
				6AFC5FE89CFBA35AF96A7CEC /* [CP] Check Pods Manifest.lock */,
				69699EBE2483490D00673156 /* Sources */,
				69699EBF2483490D00673156 /* Frameworks */,
				69699EC02483490D00673156 /* Resources */,
				2F5CE7A9605F681168DE8531 /* [CP] Embed Pods Frameworks */,
			);
			buildRules = (
			);
			dependencies = (
				69699EC42483490D00673156 /* PBXTargetDependency */,
			);
			name = webscrapingUITests;
			productName = webscrapingUITests;
			productReference = 69699EC22483490D00673156 /* webscrapingUITests.xctest */;
			productType = "com.apple.product-type.bundle.ui-testing";
		};
/* End PBXNativeTarget section */

/* Begin PBXProject section */
		69699E992483490800673156 /* Project object */ = {
			isa = PBXProject;
			attributes = {
				LastSwiftUpdateCheck = 1150;
				LastUpgradeCheck = 1150;
				ORGANIZATIONNAME = "Aarish Brohi";
				TargetAttributes = {
					69699EA02483490800673156 = {
						CreatedOnToolsVersion = 11.5;
					};
					69699EB62483490D00673156 = {
						CreatedOnToolsVersion = 11.5;
						TestTargetID = 69699EA02483490800673156;
					};
					69699EC12483490D00673156 = {
						CreatedOnToolsVersion = 11.5;
						TestTargetID = 69699EA02483490800673156;
					};
				};
			};
			buildConfigurationList = 69699E9C2483490800673156 /* Build configuration list for PBXProject "webscraping" */;
			compatibilityVersion = "Xcode 9.3";
			developmentRegion = en;
			hasScannedForEncodings = 0;
			knownRegions = (
				en,
				Base,
			);
			mainGroup = 69699E982483490800673156;
			productRefGroup = 69699EA22483490800673156 /* Products */;
			projectDirPath = "";
			projectRoot = "";
			targets = (
				69699EA02483490800673156 /* webscraping */,
				69699EB62483490D00673156 /* webscrapingTests */,
				69699EC12483490D00673156 /* webscrapingUITests */,
			);
		};
/* End PBXProject section */

/* Begin PBXResourcesBuildPhase section */
		69699E9F2483490800673156 /* Resources */ = {
			isa = PBXResourcesBuildPhase;
			buildActionMask = 2147483647;
			files = (
				69699EB12483490D00673156 /* LaunchScreen.storyboard in Resources */,
				69699EAE2483490D00673156 /* Assets.xcassets in Resources */,
				69699EAC2483490800673156 /* Main.storyboard in Resources */,
			);
			runOnlyForDeploymentPostprocessing = 0;
		};
		69699EB52483490D00673156 /* Resources */ = {
			isa = PBXResourcesBuildPhase;
			buildActionMask = 2147483647;
			files = (
			);
			runOnlyForDeploymentPostprocessing = 0;
		};
		69699EC02483490D00673156 /* Resources */ = {
			isa = PBXResourcesBuildPhase;
			buildActionMask = 2147483647;
			files = (
			);
			runOnlyForDeploymentPostprocessing = 0;
		};
/* End PBXResourcesBuildPhase section */

/* Begin PBXShellScriptBuildPhase section */
		1A7BED4FB477978DCDD726BE /* [CP] Check Pods Manifest.lock */ = {
			isa = PBXShellScriptBuildPhase;
			buildActionMask = 2147483647;
			files = (
			);
			inputFileListPaths = (
			);
			inputPaths = (
				"${PODS_PODFILE_DIR_PATH}/Podfile.lock",
				"${PODS_ROOT}/Manifest.lock",
			);
			name = "[CP] Check Pods Manifest.lock";
			outputFileListPaths = (
			);
			outputPaths = (
				"$(DERIVED_FILE_DIR)/Pods-webscraping-checkManifestLockResult.txt",
			);
			runOnlyForDeploymentPostprocessing = 0;
			shellPath = /bin/sh;
			shellScript = "diff \"${PODS_PODFILE_DIR_PATH}/Podfile.lock\" \"${PODS_ROOT}/Manifest.lock\" > /dev/null\nif [ $? != 0 ] ; then\n    # print error to STDERR\n    echo \"error: The sandbox is not in sync with the Podfile.lock. Run 'pod install' or update your CocoaPods installation.\" >&2\n    exit 1\nfi\n# This output is used by Xcode 'outputs' to avoid re-running this script phase.\necho \"SUCCESS\" > \"${SCRIPT_OUTPUT_FILE_0}\"\n";
			showEnvVarsInLog = 0;
		};
		2F5CE7A9605F681168DE8531 /* [CP] Embed Pods Frameworks */ = {
			isa = PBXShellScriptBuildPhase;
			buildActionMask = 2147483647;
			files = (
			);
			inputFileListPaths = (
				"${PODS_ROOT}/Target Support Files/Pods-webscraping-webscrapingUITests/Pods-webscraping-webscrapingUITests-frameworks-${CONFIGURATION}-input-files.xcfilelist",
			);
			name = "[CP] Embed Pods Frameworks";
			outputFileListPaths = (
				"${PODS_ROOT}/Target Support Files/Pods-webscraping-webscrapingUITests/Pods-webscraping-webscrapingUITests-frameworks-${CONFIGURATION}-output-files.xcfilelist",
			);
			runOnlyForDeploymentPostprocessing = 0;
			shellPath = /bin/sh;
			shellScript = "\"${PODS_ROOT}/Target Support Files/Pods-webscraping-webscrapingUITests/Pods-webscraping-webscrapingUITests-frameworks.sh\"\n";
			showEnvVarsInLog = 0;
		};
		6AFC5FE89CFBA35AF96A7CEC /* [CP] Check Pods Manifest.lock */ = {
			isa = PBXShellScriptBuildPhase;
			buildActionMask = 2147483647;
			files = (
			);
			inputFileListPaths = (
			);
			inputPaths = (
				"${PODS_PODFILE_DIR_PATH}/Podfile.lock",
				"${PODS_ROOT}/Manifest.lock",
			);
			name = "[CP] Check Pods Manifest.lock";
			outputFileListPaths = (
			);
			outputPaths = (
				"$(DERIVED_FILE_DIR)/Pods-webscraping-webscrapingUITests-checkManifestLockResult.txt",
			);
			runOnlyForDeploymentPostprocessing = 0;
			shellPath = /bin/sh;
			shellScript = "diff \"${PODS_PODFILE_DIR_PATH}/Podfile.lock\" \"${PODS_ROOT}/Manifest.lock\" > /dev/null\nif [ $? != 0 ] ; then\n    # print error to STDERR\n    echo \"error: The sandbox is not in sync with the Podfile.lock. Run 'pod install' or update your CocoaPods installation.\" >&2\n    exit 1\nfi\n# This output is used by Xcode 'outputs' to avoid re-running this script phase.\necho \"SUCCESS\" > \"${SCRIPT_OUTPUT_FILE_0}\"\n";
			showEnvVarsInLog = 0;
		};
		A60753A2FB5EE0356B98F18C /* [CP] Embed Pods Frameworks */ = {
			isa = PBXShellScriptBuildPhase;
			buildActionMask = 2147483647;
			files = (
			);
			inputFileListPaths = (
				"${PODS_ROOT}/Target Support Files/Pods-webscraping/Pods-webscraping-frameworks-${CONFIGURATION}-input-files.xcfilelist",
			);
			name = "[CP] Embed Pods Frameworks";
			outputFileListPaths = (
				"${PODS_ROOT}/Target Support Files/Pods-webscraping/Pods-webscraping-frameworks-${CONFIGURATION}-output-files.xcfilelist",
			);
			runOnlyForDeploymentPostprocessing = 0;
			shellPath = /bin/sh;
			shellScript = "\"${PODS_ROOT}/Target Support Files/Pods-webscraping/Pods-webscraping-frameworks.sh\"\n";
			showEnvVarsInLog = 0;
		};
		F96012C314D15089DD8D77E2 /* [CP] Check Pods Manifest.lock */ = {
			isa = PBXShellScriptBuildPhase;
			buildActionMask = 2147483647;
			files = (
			);
			inputFileListPaths = (
			);
			inputPaths = (
				"${PODS_PODFILE_DIR_PATH}/Podfile.lock",
				"${PODS_ROOT}/Manifest.lock",
			);
			name = "[CP] Check Pods Manifest.lock";
			outputFileListPaths = (
			);
			outputPaths = (
				"$(DERIVED_FILE_DIR)/Pods-webscrapingTests-checkManifestLockResult.txt",
			);
			runOnlyForDeploymentPostprocessing = 0;
			shellPath = /bin/sh;
			shellScript = "diff \"${PODS_PODFILE_DIR_PATH}/Podfile.lock\" \"${PODS_ROOT}/Manifest.lock\" > /dev/null\nif [ $? != 0 ] ; then\n    # print error to STDERR\n    echo \"error: The sandbox is not in sync with the Podfile.lock. Run 'pod install' or update your CocoaPods installation.\" >&2\n    exit 1\nfi\n# This output is used by Xcode 'outputs' to avoid re-running this script phase.\necho \"SUCCESS\" > \"${SCRIPT_OUTPUT_FILE_0}\"\n";
			showEnvVarsInLog = 0;
		};
/* End PBXShellScriptBuildPhase section */

/* Begin PBXSourcesBuildPhase section */
		69699E9D2483490800673156 /* Sources */ = {
			isa = PBXSourcesBuildPhase;
			buildActionMask = 2147483647;
			files = (
				69699EA92483490800673156 /* ViewController.swift in Sources */,
				69093AC12492D16B00EBB0B7 /* GraphsViewController.swift in Sources */,
				69BBAF7C249201E400A4215E /* CustomTableViewCell.swift in Sources */,
				69699EA52483490800673156 /* AppDelegate.swift in Sources */,
				69BBAF7A2491D64200A4215E /* DataNumbers.swift in Sources */,
				69699EA72483490800673156 /* SceneDelegate.swift in Sources */,
			);
			runOnlyForDeploymentPostprocessing = 0;
		};
		69699EB32483490D00673156 /* Sources */ = {
			isa = PBXSourcesBuildPhase;
			buildActionMask = 2147483647;
			files = (
				69699EBC2483490D00673156 /* webscrapingTests.swift in Sources */,
			);
			runOnlyForDeploymentPostprocessing = 0;
		};
		69699EBE2483490D00673156 /* Sources */ = {
			isa = PBXSourcesBuildPhase;
			buildActionMask = 2147483647;
			files = (
				69699EC72483490D00673156 /* webscrapingUITests.swift in Sources */,
			);
			runOnlyForDeploymentPostprocessing = 0;
		};
/* End PBXSourcesBuildPhase section */

/* Begin PBXTargetDependency section */
		69699EB92483490D00673156 /* PBXTargetDependency */ = {
			isa = PBXTargetDependency;
			target = 69699EA02483490800673156 /* webscraping */;
			targetProxy = 69699EB82483490D00673156 /* PBXContainerItemProxy */;
		};
		69699EC42483490D00673156 /* PBXTargetDependency */ = {
			isa = PBXTargetDependency;
			target = 69699EA02483490800673156 /* webscraping */;
			targetProxy = 69699EC32483490D00673156 /* PBXContainerItemProxy */;
		};
/* End PBXTargetDependency section */

/* Begin PBXVariantGroup section */
		69699EAA2483490800673156 /* Main.storyboard */ = {
			isa = PBXVariantGroup;
			children = (
				69699EAB2483490800673156 /* Base */,
			);
			name = Main.storyboard;
			sourceTree = "<group>";
		};
		69699EAF2483490D00673156 /* LaunchScreen.storyboard */ = {
			isa = PBXVariantGroup;
			children = (
				69699EB02483490D00673156 /* Base */,
			);
			name = LaunchScreen.storyboard;
			sourceTree = "<group>";
		};
/* End PBXVariantGroup section */

/* Begin XCBuildConfiguration section */
		69699EC92483490D00673156 /* Debug */ = {
			isa = XCBuildConfiguration;
			buildSettings = {
				ALWAYS_SEARCH_USER_PATHS = NO;
				CLANG_ANALYZER_NONNULL = YES;
				CLANG_ANALYZER_NUMBER_OBJECT_CONVERSION = YES_AGGRESSIVE;
				CLANG_CXX_LANGUAGE_STANDARD = "gnu++14";
				CLANG_CXX_LIBRARY = "libc++";
				CLANG_ENABLE_MODULES = YES;
				CLANG_ENABLE_OBJC_ARC = YES;
				CLANG_ENABLE_OBJC_WEAK = YES;
				CLANG_WARN_BLOCK_CAPTURE_AUTORELEASING = YES;
				CLANG_WARN_BOOL_CONVERSION = YES;
				CLANG_WARN_COMMA = YES;
				CLANG_WARN_CONSTANT_CONVERSION = YES;
				CLANG_WARN_DEPRECATED_OBJC_IMPLEMENTATIONS = YES;
				CLANG_WARN_DIRECT_OBJC_ISA_USAGE = YES_ERROR;
				CLANG_WARN_DOCUMENTATION_COMMENTS = YES;
				CLANG_WARN_EMPTY_BODY = YES;
				CLANG_WARN_ENUM_CONVERSION = YES;
				CLANG_WARN_INFINITE_RECURSION = YES;
				CLANG_WARN_INT_CONVERSION = YES;
				CLANG_WARN_NON_LITERAL_NULL_CONVERSION = YES;
				CLANG_WARN_OBJC_IMPLICIT_RETAIN_SELF = YES;
				CLANG_WARN_OBJC_LITERAL_CONVERSION = YES;
				CLANG_WARN_OBJC_ROOT_CLASS = YES_ERROR;
				CLANG_WARN_RANGE_LOOP_ANALYSIS = YES;
				CLANG_WARN_STRICT_PROTOTYPES = YES;
				CLANG_WARN_SUSPICIOUS_MOVE = YES;
				CLANG_WARN_UNGUARDED_AVAILABILITY = YES_AGGRESSIVE;
				CLANG_WARN_UNREACHABLE_CODE = YES;
				CLANG_WARN__DUPLICATE_METHOD_MATCH = YES;
				COPY_PHASE_STRIP = NO;
				DEBUG_INFORMATION_FORMAT = dwarf;
				ENABLE_STRICT_OBJC_MSGSEND = YES;
				ENABLE_TESTABILITY = YES;
				GCC_C_LANGUAGE_STANDARD = gnu11;
				GCC_DYNAMIC_NO_PIC = NO;
				GCC_NO_COMMON_BLOCKS = YES;
				GCC_OPTIMIZATION_LEVEL = 0;
				GCC_PREPROCESSOR_DEFINITIONS = (
					"DEBUG=1",
					"$(inherited)",
				);
				GCC_WARN_64_TO_32_BIT_CONVERSION = YES;
				GCC_WARN_ABOUT_RETURN_TYPE = YES_ERROR;
				GCC_WARN_UNDECLARED_SELECTOR = YES;
				GCC_WARN_UNINITIALIZED_AUTOS = YES_AGGRESSIVE;
				GCC_WARN_UNUSED_FUNCTION = YES;
				GCC_WARN_UNUSED_VARIABLE = YES;
				IPHONEOS_DEPLOYMENT_TARGET = 13.5;
				MTL_ENABLE_DEBUG_INFO = INCLUDE_SOURCE;
				MTL_FAST_MATH = YES;
				ONLY_ACTIVE_ARCH = YES;
				SDKROOT = iphoneos;
				SWIFT_ACTIVE_COMPILATION_CONDITIONS = DEBUG;
				SWIFT_OPTIMIZATION_LEVEL = "-Onone";
			};
			name = Debug;
		};
		69699ECA2483490D00673156 /* Release */ = {
			isa = XCBuildConfiguration;
			buildSettings = {
				ALWAYS_SEARCH_USER_PATHS = NO;
				CLANG_ANALYZER_NONNULL = YES;
				CLANG_ANALYZER_NUMBER_OBJECT_CONVERSION = YES_AGGRESSIVE;
				CLANG_CXX_LANGUAGE_STANDARD = "gnu++14";
				CLANG_CXX_LIBRARY = "libc++";
				CLANG_ENABLE_MODULES = YES;
				CLANG_ENABLE_OBJC_ARC = YES;
				CLANG_ENABLE_OBJC_WEAK = YES;
				CLANG_WARN_BLOCK_CAPTURE_AUTORELEASING = YES;
				CLANG_WARN_BOOL_CONVERSION = YES;
				CLANG_WARN_COMMA = YES;
				CLANG_WARN_CONSTANT_CONVERSION = YES;
				CLANG_WARN_DEPRECATED_OBJC_IMPLEMENTATIONS = YES;
				CLANG_WARN_DIRECT_OBJC_ISA_USAGE = YES_ERROR;
				CLANG_WARN_DOCUMENTATION_COMMENTS = YES;
				CLANG_WARN_EMPTY_BODY = YES;
				CLANG_WARN_ENUM_CONVERSION = YES;
				CLANG_WARN_INFINITE_RECURSION = YES;
				CLANG_WARN_INT_CONVERSION = YES;
				CLANG_WARN_NON_LITERAL_NULL_CONVERSION = YES;
				CLANG_WARN_OBJC_IMPLICIT_RETAIN_SELF = YES;
				CLANG_WARN_OBJC_LITERAL_CONVERSION = YES;
				CLANG_WARN_OBJC_ROOT_CLASS = YES_ERROR;
				CLANG_WARN_RANGE_LOOP_ANALYSIS = YES;
				CLANG_WARN_STRICT_PROTOTYPES = YES;
				CLANG_WARN_SUSPICIOUS_MOVE = YES;
				CLANG_WARN_UNGUARDED_AVAILABILITY = YES_AGGRESSIVE;
				CLANG_WARN_UNREACHABLE_CODE = YES;
				CLANG_WARN__DUPLICATE_METHOD_MATCH = YES;
				COPY_PHASE_STRIP = NO;
				DEBUG_INFORMATION_FORMAT = "dwarf-with-dsym";
				ENABLE_NS_ASSERTIONS = NO;
				ENABLE_STRICT_OBJC_MSGSEND = YES;
				GCC_C_LANGUAGE_STANDARD = gnu11;
				GCC_NO_COMMON_BLOCKS = YES;
				GCC_WARN_64_TO_32_BIT_CONVERSION = YES;
				GCC_WARN_ABOUT_RETURN_TYPE = YES_ERROR;
				GCC_WARN_UNDECLARED_SELECTOR = YES;
				GCC_WARN_UNINITIALIZED_AUTOS = YES_AGGRESSIVE;
				GCC_WARN_UNUSED_FUNCTION = YES;
				GCC_WARN_UNUSED_VARIABLE = YES;
				IPHONEOS_DEPLOYMENT_TARGET = 13.5;
				MTL_ENABLE_DEBUG_INFO = NO;
				MTL_FAST_MATH = YES;
				SDKROOT = iphoneos;
				SWIFT_COMPILATION_MODE = wholemodule;
				SWIFT_OPTIMIZATION_LEVEL = "-O";
				VALIDATE_PRODUCT = YES;
			};
			name = Release;
		};
		69699ECC2483490D00673156 /* Debug */ = {
			isa = XCBuildConfiguration;
			baseConfigurationReference = 7EF321AD77663D1981CC3303 /* Pods-webscraping.debug.xcconfig */;
			buildSettings = {
				ASSETCATALOG_COMPILER_APPICON_NAME = AppIcon;
				CODE_SIGN_STYLE = Automatic;
				DEVELOPMENT_TEAM = 45P2KYY8C2;
				INFOPLIST_FILE = webscraping/Info.plist;
				LD_RUNPATH_SEARCH_PATHS = (
					"$(inherited)",
					"@executable_path/Frameworks",
				);
				PRODUCT_BUNDLE_IDENTIFIER = com.Aarish13.webscraping;
				PRODUCT_NAME = "$(TARGET_NAME)";
				SWIFT_VERSION = 5.0;
				TARGETED_DEVICE_FAMILY = "1,2";
			};
			name = Debug;
		};
		69699ECD2483490D00673156 /* Release */ = {
			isa = XCBuildConfiguration;
			baseConfigurationReference = 63CAA969EE76F2AEC66692E1 /* Pods-webscraping.release.xcconfig */;
			buildSettings = {
				ASSETCATALOG_COMPILER_APPICON_NAME = AppIcon;
				CODE_SIGN_STYLE = Automatic;
				DEVELOPMENT_TEAM = 45P2KYY8C2;
				INFOPLIST_FILE = webscraping/Info.plist;
				LD_RUNPATH_SEARCH_PATHS = (
					"$(inherited)",
					"@executable_path/Frameworks",
				);
				PRODUCT_BUNDLE_IDENTIFIER = com.Aarish13.webscraping;
				PRODUCT_NAME = "$(TARGET_NAME)";
				SWIFT_VERSION = 5.0;
				TARGETED_DEVICE_FAMILY = "1,2";
			};
			name = Release;
		};
		69699ECF2483490D00673156 /* Debug */ = {
			isa = XCBuildConfiguration;
			baseConfigurationReference = 96AAA5FF313A26F3EEBF94FF /* Pods-webscrapingTests.debug.xcconfig */;
			buildSettings = {
				ALWAYS_EMBED_SWIFT_STANDARD_LIBRARIES = YES;
				BUNDLE_LOADER = "$(TEST_HOST)";
				CODE_SIGN_STYLE = Automatic;
				DEVELOPMENT_TEAM = 45P2KYY8C2;
				INFOPLIST_FILE = webscrapingTests/Info.plist;
				IPHONEOS_DEPLOYMENT_TARGET = 13.5;
				LD_RUNPATH_SEARCH_PATHS = (
					"$(inherited)",
					"@executable_path/Frameworks",
					"@loader_path/Frameworks",
				);
				PRODUCT_BUNDLE_IDENTIFIER = com.Aarish13.webscrapingTests;
				PRODUCT_NAME = "$(TARGET_NAME)";
				SWIFT_VERSION = 5.0;
				TARGETED_DEVICE_FAMILY = "1,2";
				TEST_HOST = "$(BUILT_PRODUCTS_DIR)/webscraping.app/webscraping";
			};
			name = Debug;
		};
		69699ED02483490D00673156 /* Release */ = {
			isa = XCBuildConfiguration;
			baseConfigurationReference = DFC0784CF4E45B8E829745B4 /* Pods-webscrapingTests.release.xcconfig */;
			buildSettings = {
				ALWAYS_EMBED_SWIFT_STANDARD_LIBRARIES = YES;
				BUNDLE_LOADER = "$(TEST_HOST)";
				CODE_SIGN_STYLE = Automatic;
				DEVELOPMENT_TEAM = 45P2KYY8C2;
				INFOPLIST_FILE = webscrapingTests/Info.plist;
				IPHONEOS_DEPLOYMENT_TARGET = 13.5;
				LD_RUNPATH_SEARCH_PATHS = (
					"$(inherited)",
					"@executable_path/Frameworks",
					"@loader_path/Frameworks",
				);
				PRODUCT_BUNDLE_IDENTIFIER = com.Aarish13.webscrapingTests;
				PRODUCT_NAME = "$(TARGET_NAME)";
				SWIFT_VERSION = 5.0;
				TARGETED_DEVICE_FAMILY = "1,2";
				TEST_HOST = "$(BUILT_PRODUCTS_DIR)/webscraping.app/webscraping";
			};
			name = Release;
		};
		69699ED22483490D00673156 /* Debug */ = {
			isa = XCBuildConfiguration;
			baseConfigurationReference = CB2BB4425EFC421E7121287F /* Pods-webscraping-webscrapingUITests.debug.xcconfig */;
			buildSettings = {
				ALWAYS_EMBED_SWIFT_STANDARD_LIBRARIES = YES;
				CODE_SIGN_STYLE = Automatic;
				DEVELOPMENT_TEAM = 45P2KYY8C2;
				INFOPLIST_FILE = webscrapingUITests/Info.plist;
				LD_RUNPATH_SEARCH_PATHS = (
					"$(inherited)",
					"@executable_path/Frameworks",
					"@loader_path/Frameworks",
				);
				PRODUCT_BUNDLE_IDENTIFIER = com.Aarish13.webscrapingUITests;
				PRODUCT_NAME = "$(TARGET_NAME)";
				SWIFT_VERSION = 5.0;
				TARGETED_DEVICE_FAMILY = "1,2";
				TEST_TARGET_NAME = webscraping;
			};
			name = Debug;
		};
		69699ED32483490D00673156 /* Release */ = {
			isa = XCBuildConfiguration;
			baseConfigurationReference = 3513ADB1F50A7B0572BBDADE /* Pods-webscraping-webscrapingUITests.release.xcconfig */;
			buildSettings = {
				ALWAYS_EMBED_SWIFT_STANDARD_LIBRARIES = YES;
				CODE_SIGN_STYLE = Automatic;
				DEVELOPMENT_TEAM = 45P2KYY8C2;
				INFOPLIST_FILE = webscrapingUITests/Info.plist;
				LD_RUNPATH_SEARCH_PATHS = (
					"$(inherited)",
					"@executable_path/Frameworks",
					"@loader_path/Frameworks",
				);
				PRODUCT_BUNDLE_IDENTIFIER = com.Aarish13.webscrapingUITests;
				PRODUCT_NAME = "$(TARGET_NAME)";
				SWIFT_VERSION = 5.0;
				TARGETED_DEVICE_FAMILY = "1,2";
				TEST_TARGET_NAME = webscraping;
			};
			name = Release;
		};
/* End XCBuildConfiguration section */

/* Begin XCConfigurationList section */
		69699E9C2483490800673156 /* Build configuration list for PBXProject "webscraping" */ = {
			isa = XCConfigurationList;
			buildConfigurations = (
				69699EC92483490D00673156 /* Debug */,
				69699ECA2483490D00673156 /* Release */,
			);
			defaultConfigurationIsVisible = 0;
			defaultConfigurationName = Release;
		};
		69699ECB2483490D00673156 /* Build configuration list for PBXNativeTarget "webscraping" */ = {
			isa = XCConfigurationList;
			buildConfigurations = (
				69699ECC2483490D00673156 /* Debug */,
				69699ECD2483490D00673156 /* Release */,
			);
			defaultConfigurationIsVisible = 0;
			defaultConfigurationName = Release;
		};
		69699ECE2483490D00673156 /* Build configuration list for PBXNativeTarget "webscrapingTests" */ = {
			isa = XCConfigurationList;
			buildConfigurations = (
				69699ECF2483490D00673156 /* Debug */,
				69699ED02483490D00673156 /* Release */,
			);
			defaultConfigurationIsVisible = 0;
			defaultConfigurationName = Release;
		};
		69699ED12483490D00673156 /* Build configuration list for PBXNativeTarget "webscrapingUITests" */ = {
			isa = XCConfigurationList;
			buildConfigurations = (
				69699ED22483490D00673156 /* Debug */,
				69699ED32483490D00673156 /* Release */,
			);
			defaultConfigurationIsVisible = 0;
			defaultConfigurationName = Release;
		};
/* End XCConfigurationList section */
	};
	rootObject = 69699E992483490800673156 /* Project object */;
}
